{
  "nodes": {
    "flake-utils": {
      "locked": {
        "lastModified": 1667395993,
        "narHash": "sha256-nuEHfE/LcWyuSWnS8t12N1wc105Qtau+/OdUAjtQ0rA=",
        "owner": "numtide",
        "repo": "flake-utils",
        "rev": "5aed5285a952e0b949eb3ba02c12fa4fcfef535f",
        "type": "github"
      },
      "original": {
        "owner": "numtide",
        "repo": "flake-utils",
        "type": "github"
      }
    },
    "nixpkgs": {
      "locked": {
        "lastModified": 1675247041,
        "narHash": "sha256-kXKLeRNr3SwQsuLPsH9IzxtyKIBIZIyxbMp8x678A9o=",
        "owner": "sternenseemann",
        "repo": "nixpkgs",
        "rev": "0a568a46aab924f6fc83609f99da7c95867461af",
        "type": "github"
      },
      "original": {
        "owner": "sternenseemann",
        "ref": "ghc-9.6.1",
        "repo": "nixpkgs",
        "type": "github"
      }
    },
    "root": {
      "inputs": {
        "flake-utils": "flake-utils",
        "nixpkgs": "nixpkgs"
      }
    }
  },
  "root": "root",
  "version": 7
}
